
Microsoft Visual Studio Solution File, Format Version 12.00
# Visual Studio 15
VisualStudioVersion = 15.0.28010.2026
MinimumVisualStudioVersion = 10.0.40219.1
Project("{9A19103F-16F7-4668-BE54-9A1E7A4F7556}") = "LoyaltyProgr", "LoyaltyProgr\LoyaltyProgr.csproj", "{588BAB8E-CB5E-4E35-9808-7EA73E8B8826}"
EndProject
Project("{FAE04EC0-301F-11D3-BF4B-00C04F79EFBC}") = "ApiGatewayMock", "ApiGatewayMock\ApiGatewayMock.csproj", "{DF9C701E-7141-4311-82A0-B61640C88B21}"
EndProject
Global
	GlobalSection(SolutionConfigurationPlatforms) = preSolution
		Debug|Any CPU = Debug|Any CPU
		Release|Any CPU = Release|Any CPU
	EndGlobalSection
	GlobalSection(ProjectConfigurationPlatforms) = postSolution
		{588BAB8E-CB5E-4E35-9808-7EA73E8B8826}.Debug|Any CPU.ActiveCfg = Debug|Any CPU
		{588BAB8E-CB5E-4E35-9808-7EA73E8B8826}.Debug|Any CPU.Build.0 = Debug|Any CPU
		{588BAB8E-CB5E-4E35-9808-7EA73E8B8826}.Release|Any CPU.ActiveCfg = Release|Any CPU
		{588BAB8E-CB5E-4E35-9808-7EA73E8B8826}.Release|Any CPU.Build.0 = Release|Any CPU
		{DF9C701E-7141-4311-82A0-B61640C88B21}.Debug|Any CPU.ActiveCfg = Debug|Any CPU
		{DF9C701E-7141-4311-82A0-B61640C88B21}.Debug|Any CPU.Build.0 = Debug|Any CPU
		{DF9C701E-7141-4311-82A0-B61640C88B21}.Release|Any CPU.ActiveCfg = Release|Any CPU
		{DF9C701E-7141-4311-82A0-B61640C88B21}.Release|Any CPU.Build.0 = Release|Any CPU
	EndGlobalSection
	GlobalSection(SolutionProperties) = preSolution
		HideSolutionNode = FALSE
	EndGlobalSection
	GlobalSection(ExtensibilityGlobals) = postSolution
		SolutionGuid = {ED4665E8-7215-45D8-9347-D94B194D02BE}
	EndGlobalSection
EndGlobal
